// !$*UTF8*$!
{
	archiveVersion = 1;
	classes = {
	};
	objectVersion = 50;
	objects = {

/* Begin PBXBuildFile section */
		D54A6EFC246536D3007884AD /* AppDelegate.swift in Sources */ = {isa = PBXBuildFile; fileRef = D54A6EFB246536D3007884AD /* AppDelegate.swift */; };
		D54A6EFE246536D3007884AD /* SceneDelegate.swift in Sources */ = {isa = PBXBuildFile; fileRef = D54A6EFD246536D3007884AD /* SceneDelegate.swift */; };
		D54A6F00246536D3007884AD /* ViewController.swift in Sources */ = {isa = PBXBuildFile; fileRef = D54A6EFF246536D3007884AD /* ViewController.swift */; };
		D54A6F03246536D3007884AD /* Main.storyboard in Resources */ = {isa = PBXBuildFile; fileRef = D54A6F01246536D3007884AD /* Main.storyboard */; };
		D54A6F05246536D3007884AD /* Assets.xcassets in Resources */ = {isa = PBXBuildFile; fileRef = D54A6F04246536D3007884AD /* Assets.xcassets */; };
		D54A6F08246536D3007884AD /* LaunchScreen.storyboard in Resources */ = {isa = PBXBuildFile; fileRef = D54A6F06246536D3007884AD /* LaunchScreen.storyboard */; };
		D54A6F1024654B9E007884AD /* MathUtil.swift in Sources */ = {isa = PBXBuildFile; fileRef = D54A6F0F24654B9E007884AD /* MathUtil.swift */; };
/* End PBXBuildFile section */

/* Begin PBXFileReference section */
		D54A6EF8246536D3007884AD /* CarNumberMath.app */ = {isa = PBXFileReference; explicitFileType = wrapper.application; includeInIndex = 0; path = CarNumberMath.app; sourceTree = BUILT_PRODUCTS_DIR; };
		D54A6EFB246536D3007884AD /* AppDelegate.swift */ = {isa = PBXFileReference; lastKnownFileType = sourcecode.swift; path = AppDelegate.swift; sourceTree = "<group>"; };
		D54A6EFD246536D3007884AD /* SceneDelegate.swift */ = {isa = PBXFileReference; lastKnownFileType = sourcecode.swift; path = SceneDelegate.swift; sourceTree = "<group>"; };
		D54A6EFF246536D3007884AD /* ViewController.swift */ = {isa = PBXFileReference; lastKnownFileType = sourcecode.swift; path = ViewController.swift; sourceTree = "<group>"; };
		D54A6F02246536D3007884AD /* Base */ = {isa = PBXFileReference; lastKnownFileType = file.storyboard; name = Base; path = Base.lproj/Main.storyboard; sourceTree = "<group>"; };
		D54A6F04246536D3007884AD /* Assets.xcassets */ = {isa = PBXFileReference; lastKnownFileType = folder.assetcatalog; path = Assets.xcassets; sourceTree = "<group>"; };
		D54A6F07246536D3007884AD /* Base */ = {isa = PBXFileReference; lastKnownFileType = file.storyboard; name = Base; path = Base.lproj/LaunchScreen.storyboard; sourceTree = "<group>"; };
		D54A6F09246536D3007884AD /* Info.plist */ = {isa = PBXFileReference; lastKnownFileType = text.plist.xml; path = Info.plist; sourceTree = "<group>"; };
		D54A6F0F24654B9E007884AD /* MathUtil.swift */ = {isa = PBXFileReference; lastKnownFileType = sourcecode.swift; path = MathUtil.swift; sourceTree = "<group>"; };
/* End PBXFileReference section */

/* Begin PBXFrameworksBuildPhase section */
		D54A6EF5246536D3007884AD /* Frameworks */ = {
			isa = PBXFrameworksBuildPhase;
			buildActionMask = 2147483647;
			files = (
			);
			runOnlyForDeploymentPostprocessing = 0;
		};
/* End PBXFrameworksBuildPhase section */

/* Begin PBXGroup section */
		D54A6EEF246536D3007884AD = {
			isa = PBXGroup;
			children = (
				D54A6EFA246536D3007884AD /* CarNumberMath */,
				D54A6EF9246536D3007884AD /* Products */,
			);
			sourceTree = "<group>";
		};
		D54A6EF9246536D3007884AD /* Products */ = {
			isa = PBXGroup;
			children = (
				D54A6EF8246536D3007884AD /* CarNumberMath.app */,
			);
			name = Products;
			sourceTree = "<group>";
		};
		D54A6EFA246536D3007884AD /* CarNumberMath */ = {
			isa = PBXGroup;
			children = (
				D54A6EFB246536D3007884AD /* AppDelegate.swift */,
				D54A6EFD246536D3007884AD /* SceneDelegate.swift */,
				D54A6EFF246536D3007884AD /* ViewController.swift */,
				D54A6F0F24654B9E007884AD /* MathUtil.swift */,
				D54A6F01246536D3007884AD /* Main.storyboard */,
				D54A6F04246536D3007884AD /* Assets.xcassets */,
				D54A6F06246536D3007884AD /* LaunchScreen.storyboard */,
				D54A6F09246536D3007884AD /* Info.plist */,
			);
			path = CarNumberMath;
			sourceTree = "<group>";
		};
/* End PBXGroup section */

/* Begin PBXNativeTarget section */
		D54A6EF7246536D3007884AD /* CarNumberMath */ = {
			isa = PBXNativeTarget;
			buildConfigurationList = D54A6F0C246536D3007884AD /* Build configuration list for PBXNativeTarget "CarNumberMath" */;
			buildPhases = (
				D54A6EF4246536D3007884AD /* Sources */,
				D54A6EF5246536D3007884AD /* Frameworks */,
				D54A6EF6246536D3007884AD /* Resources */,
			);
			buildRules = (
			);
			dependencies = (
			);
			name = CarNumberMath;
			productName = CarNumberMath;
			productReference = D54A6EF8246536D3007884AD /* CarNumberMath.app */;
			productType = "com.apple.product-type.application";
		};
/* End PBXNativeTarget section */

/* Begin PBXProject section */
		D54A6EF0246536D3007884AD /* Project object */ = {
			isa = PBXProject;
			attributes = {
				LastSwiftUpdateCheck = 1140;
				LastUpgradeCheck = 1140;
				ORGANIZATIONNAME = "Jin Won Kim";
				TargetAttributes = {
					D54A6EF7246536D3007884AD = {
						CreatedOnToolsVersion = 11.4.1;
					};
				};
			};
			buildConfigurationList = D54A6EF3246536D3007884AD /* Build configuration list for PBXProject "CarNumberMath" */;
			compatibilityVersion = "Xcode 9.3";
			developmentRegion = en;
			hasScannedForEncodings = 0;
			knownRegions = (
				en,
				Base,
			);
			mainGroup = D54A6EEF246536D3007884AD;
			productRefGroup = D54A6EF9246536D3007884AD /* Products */;
			projectDirPath = "";
			projectRoot = "";
			targets = (
				D54A6EF7246536D3007884AD /* CarNumberMath */,
			);
		};
/* End PBXProject section */

/* Begin PBXResourcesBuildPhase section */
		D54A6EF6246536D3007884AD /* Resources */ = {
			isa = PBXResourcesBuildPhase;
			buildActionMask = 2147483647;
			files = (
				D54A6F08246536D3007884AD /* LaunchScreen.storyboard in Resources */,
				D54A6F05246536D3007884AD /* Assets.xcassets in Resources */,
				D54A6F03246536D3007884AD /* Main.storyboard in Resources */,
			);
			runOnlyForDeploymentPostprocessing = 0;
		};
/* End PBXResourcesBuildPhase section */

/* Begin PBXSourcesBuildPhase section */
		D54A6EF4246536D3007884AD /* Sources */ = {
			isa = PBXSourcesBuildPhase;
			buildActionMask = 2147483647;
			files = (
				D54A6F00246536D3007884AD /* ViewController.swift in Sources */,
				D54A6F1024654B9E007884AD /* MathUtil.swift in Sources */,
				D54A6EFC246536D3007884AD /* AppDelegate.swift in Sources */,
				D54A6EFE246536D3007884AD /* SceneDelegate.swift in Sources */,
			);
			runOnlyForDeploymentPostprocessing = 0;
		};
/* End PBXSourcesBuildPhase section */

/* Begin PBXVariantGroup section */
		D54A6F01246536D3007884AD /* Main.storyboard */ = {
			isa = PBXVariantGroup;
			children = (
				D54A6F02246536D3007884AD /* Base */,
			);
			name = Main.storyboard;
			sourceTree = "<group>";
		};
		D54A6F06246536D3007884AD /* LaunchScreen.storyboard */ = {
			isa = PBXVariantGroup;
			children = (
				D54A6F07246536D3007884AD /* Base */,
			);
			name = LaunchScreen.storyboard;
			sourceTree = "<group>";
		};
/* End PBXVariantGroup section */

/* Begin XCBuildConfiguration section */
		D54A6F0A246536D3007884AD /* Debug */ = {
			isa = XCBuildConfiguration;
			buildSettings = {
				ALWAYS_SEARCH_USER_PATHS = NO;
				CLANG_ANALYZER_NONNULL = YES;
				CLANG_ANALYZER_NUMBER_OBJECT_CONVERSION = YES_AGGRESSIVE;
				CLANG_CXX_LANGUAGE_STANDARD = "gnu++14";
				CLANG_CXX_LIBRARY = "libc++";
				CLANG_ENABLE_MODULES = YES;
				CLANG_ENABLE_OBJC_ARC = YES;
				CLANG_ENABLE_OBJC_WEAK = YES;
				CLANG_WARN_BLOCK_CAPTURE_AUTORELEASING = YES;
				CLANG_WARN_BOOL_CONVERSION = YES;
				CLANG_WARN_COMMA = YES;
				CLANG_WARN_CONSTANT_CONVERSION = YES;
				CLANG_WARN_DEPRECATED_OBJC_IMPLEMENTATIONS = YES;
				CLANG_WARN_DIRECT_OBJC_ISA_USAGE = YES_ERROR;
				CLANG_WARN_DOCUMENTATION_COMMENTS = YES;
				CLANG_WARN_EMPTY_BODY = YES;
				CLANG_WARN_ENUM_CONVERSION = YES;
				CLANG_WARN_INFINITE_RECURSION = YES;
				CLANG_WARN_INT_CONVERSION = YES;
				CLANG_WARN_NON_LITERAL_NULL_CONVERSION = YES;
				CLANG_WARN_OBJC_IMPLICIT_RETAIN_SELF = YES;
				CLANG_WARN_OBJC_LITERAL_CONVERSION = YES;
				CLANG_WARN_OBJC_ROOT_CLASS = YES_ERROR;
				CLANG_WARN_RANGE_LOOP_ANALYSIS = YES;
				CLANG_WARN_STRICT_PROTOTYPES = YES;
				CLANG_WARN_SUSPICIOUS_MOVE = YES;
				CLANG_WARN_UNGUARDED_AVAILABILITY = YES_AGGRESSIVE;
				CLANG_WARN_UNREACHABLE_CODE = YES;
				CLANG_WARN__DUPLICATE_METHOD_MATCH = YES;
				COPY_PHASE_STRIP = NO;
				DEBUG_INFORMATION_FORMAT = dwarf;
				ENABLE_STRICT_OBJC_MSGSEND = YES;
				ENABLE_TESTABILITY = YES;
				GCC_C_LANGUAGE_STANDARD = gnu11;
				GCC_DYNAMIC_NO_PIC = NO;
				GCC_NO_COMMON_BLOCKS = YES;
				GCC_OPTIMIZATION_LEVEL = 0;
				GCC_PREPROCESSOR_DEFINITIONS = (
					"DEBUG=1",
					"$(inherited)",
				);
				GCC_WARN_64_TO_32_BIT_CONVERSION = YES;
				GCC_WARN_ABOUT_RETURN_TYPE = YES_ERROR;
				GCC_WARN_UNDECLARED_SELECTOR = YES;
				GCC_WARN_UNINITIALIZED_AUTOS = YES_AGGRESSIVE;
				GCC_WARN_UNUSED_FUNCTION = YES;
				GCC_WARN_UNUSED_VARIABLE = YES;
				IPHONEOS_DEPLOYMENT_TARGET = 13.4;
				MTL_ENABLE_DEBUG_INFO = INCLUDE_SOURCE;
				MTL_FAST_MATH = YES;
				ONLY_ACTIVE_ARCH = YES;
				SDKROOT = iphoneos;
				SWIFT_ACTIVE_COMPILATION_CONDITIONS = DEBUG;
				SWIFT_OPTIMIZATION_LEVEL = "-Onone";
			};
			name = Debug;
		};
		D54A6F0B246536D3007884AD /* Release */ = {
			isa = XCBuildConfiguration;
			buildSettings = {
				ALWAYS_SEARCH_USER_PATHS = NO;
				CLANG_ANALYZER_NONNULL = YES;
				CLANG_ANALYZER_NUMBER_OBJECT_CONVERSION = YES_AGGRESSIVE;
				CLANG_CXX_LANGUAGE_STANDARD = "gnu++14";
				CLANG_CXX_LIBRARY = "libc++";
				CLANG_ENABLE_MODULES = YES;
				CLANG_ENABLE_OBJC_ARC = YES;
				CLANG_ENABLE_OBJC_WEAK = YES;
				CLANG_WARN_BLOCK_CAPTURE_AUTORELEASING = YES;
				CLANG_WARN_BOOL_CONVERSION = YES;
				CLANG_WARN_COMMA = YES;
				CLANG_WARN_CONSTANT_CONVERSION = YES;
				CLANG_WARN_DEPRECATED_OBJC_IMPLEMENTATIONS = YES;
				CLANG_WARN_DIRECT_OBJC_ISA_USAGE = YES_ERROR;
				CLANG_WARN_DOCUMENTATION_COMMENTS = YES;
				CLANG_WARN_EMPTY_BODY = YES;
				CLANG_WARN_ENUM_CONVERSION = YES;
				CLANG_WARN_INFINITE_RECURSION = YES;
				CLANG_WARN_INT_CONVERSION = YES;
				CLANG_WARN_NON_LITERAL_NULL_CONVERSION = YES;
				CLANG_WARN_OBJC_IMPLICIT_RETAIN_SELF = YES;
				CLANG_WARN_OBJC_LITERAL_CONVERSION = YES;
				CLANG_WARN_OBJC_ROOT_CLASS = YES_ERROR;
				CLANG_WARN_RANGE_LOOP_ANALYSIS = YES;
				CLANG_WARN_STRICT_PROTOTYPES = YES;
				CLANG_WARN_SUSPICIOUS_MOVE = YES;
				CLANG_WARN_UNGUARDED_AVAILABILITY = YES_AGGRESSIVE;
				CLANG_WARN_UNREACHABLE_CODE = YES;
				CLANG_WARN__DUPLICATE_METHOD_MATCH = YES;
				COPY_PHASE_STRIP = NO;
				DEBUG_INFORMATION_FORMAT = "dwarf-with-dsym";
				ENABLE_NS_ASSERTIONS = NO;
				ENABLE_STRICT_OBJC_MSGSEND = YES;
				GCC_C_LANGUAGE_STANDARD = gnu11;
				GCC_NO_COMMON_BLOCKS = YES;
				GCC_WARN_64_TO_32_BIT_CONVERSION = YES;
				GCC_WARN_ABOUT_RETURN_TYPE = YES_ERROR;
				GCC_WARN_UNDECLARED_SELECTOR = YES;
				GCC_WARN_UNINITIALIZED_AUTOS = YES_AGGRESSIVE;
				GCC_WARN_UNUSED_FUNCTION = YES;
				GCC_WARN_UNUSED_VARIABLE = YES;
				IPHONEOS_DEPLOYMENT_TARGET = 13.4;
				MTL_ENABLE_DEBUG_INFO = NO;
				MTL_FAST_MATH = YES;
				SDKROOT = iphoneos;
				SWIFT_COMPILATION_MODE = wholemodule;
				SWIFT_OPTIMIZATION_LEVEL = "-O";
				VALIDATE_PRODUCT = YES;
			};
			name = Release;
		};
		D54A6F0D246536D3007884AD /* Debug */ = {
			isa = XCBuildConfiguration;
			buildSettings = {
				ASSETCATALOG_COMPILER_APPICON_NAME = AppIcon;
				CODE_SIGN_STYLE = Automatic;
				DEVELOPMENT_TEAM = 69L3HVUYG8;
				INFOPLIST_FILE = CarNumberMath/Info.plist;
				LD_RUNPATH_SEARCH_PATHS = (
					"$(inherited)",
					"@executable_path/Frameworks",
				);
				PRODUCT_BUNDLE_IDENTIFIER = nano.CarNumberMath;
				PRODUCT_NAME = "$(TARGET_NAME)";
				SWIFT_VERSION = 5.0;
				TARGETED_DEVICE_FAMILY = "1,2";
			};
			name = Debug;
		};
		D54A6F0E246536D3007884AD /* Release */ = {
			isa = XCBuildConfiguration;
			buildSettings = {
				ASSETCATALOG_COMPILER_APPICON_NAME = AppIcon;
				CODE_SIGN_STYLE = Automatic;
				DEVELOPMENT_TEAM = 69L3HVUYG8;
				INFOPLIST_FILE = CarNumberMath/Info.plist;
				LD_RUNPATH_SEARCH_PATHS = (
					"$(inherited)",
					"@executable_path/Frameworks",
				);
				PRODUCT_BUNDLE_IDENTIFIER = nano.CarNumberMath;
				PRODUCT_NAME = "$(TARGET_NAME)";
				SWIFT_VERSION = 5.0;
				TARGETED_DEVICE_FAMILY = "1,2";
			};
			name = Release;
		};
/* End XCBuildConfiguration section */

/* Begin XCConfigurationList section */
		D54A6EF3246536D3007884AD /* Build configuration list for PBXProject "CarNumberMath" */ = {
			isa = XCConfigurationList;
			buildConfigurations = (
				D54A6F0A246536D3007884AD /* Debug */,
				D54A6F0B246536D3007884AD /* Release */,
			);
			defaultConfigurationIsVisible = 0;
			defaultConfigurationName = Release;
		};
		D54A6F0C246536D3007884AD /* Build configuration list for PBXNativeTarget "CarNumberMath" */ = {
			isa = XCConfigurationList;
			buildConfigurations = (
				D54A6F0D246536D3007884AD /* Debug */,
				D54A6F0E246536D3007884AD /* Release */,
			);
			defaultConfigurationIsVisible = 0;
			defaultConfigurationName = Release;
		};
/* End XCConfigurationList section */
	};
	rootObject = D54A6EF0246536D3007884AD /* Project object */;
}
